
Microsoft Visual Studio Solution File, Format Version 12.00
# Visual Studio Version 17
VisualStudioVersion = 17.4.33110.190
MinimumVisualStudioVersion = 10.0.40219.1
Project("{FAE04EC0-301F-11D3-BF4B-00C04F79EFBC}") = "sqlwebapp", "sqlwebapp\sqlwebapp.csproj", "{89978A7B-6EBA-400A-A15A-2FE4D3B75760}"
EndProject
Global
	GlobalSection(SolutionConfigurationPlatforms) = preSolution
		Debug|Any CPU = Debug|Any CPU
		Release|Any CPU = Release|Any CPU
	EndGlobalSection
	GlobalSection(ProjectConfigurationPlatforms) = postSolution
		{89978A7B-6EBA-400A-A15A-2FE4D3B75760}.Debug|Any CPU.ActiveCfg = Debug|Any CPU
		{89978A7B-6EBA-400A-A15A-2FE4D3B75760}.Debug|Any CPU.Build.0 = Debug|Any CPU
		{89978A7B-6EBA-400A-A15A-2FE4D3B75760}.Release|Any CPU.ActiveCfg = Release|Any CPU
		{89978A7B-6EBA-400A-A15A-2FE4D3B75760}.Release|Any CPU.Build.0 = Release|Any CPU
	EndGlobalSection
	GlobalSection(SolutionProperties) = preSolution
		HideSolutionNode = FALSE
	EndGlobalSection
	GlobalSection(ExtensibilityGlobals) = postSolution
		SolutionGuid = {BDA2FEDC-A49F-47EF-AB03-4D37969F0C2B}
	EndGlobalSection
EndGlobal
